
Microsoft Visual Studio Solution File, Format Version 12.00
# Visual Studio Version 17
VisualStudioVersion = 17.0.31903.59
MinimumVisualStudioVersion = 10.0.40219.1
Project("{FAE04EC0-301F-11D3-BF4B-00C04F79EFBC}") = "sacraldotnet.DTO", "sacraldotnet.DTO\sacraldotnet.DTO.csproj", "{4D3E9BD5-2ACE-4497-86B2-7854207A4C6E}"
EndProject
Project("{FAE04EC0-301F-11D3-BF4B-00C04F79EFBC}") = "sacraldotnet.DataAccess", "sacraldotnet.DataAccess\sacraldotnet.DataAccess.csproj", "{DEDA97B7-8446-46F4-B30C-71ED5C25BC63}"
EndProject
Project("{FAE04EC0-301F-11D3-BF4B-00C04F79EFBC}") = "sacraldotnet.Service", "sacraldotnet.Service\sacraldotnet.Service.csproj", "{C68FD611-FE83-44FB-9197-F0B34E48F18D}"
EndProject
Project("{FAE04EC0-301F-11D3-BF4B-00C04F79EFBC}") = "sacraldotnet.API", "sacraldotnet.API\sacraldotnet.API.csproj", "{BF30BF73-C18F-4638-98C6-A0829C9A268A}"
EndProject
Global
	GlobalSection(SolutionConfigurationPlatforms) = preSolution
		Debug|Any CPU = Debug|Any CPU
		Release|Any CPU = Release|Any CPU
	EndGlobalSection
	GlobalSection(SolutionProperties) = preSolution
		HideSolutionNode = FALSE
	EndGlobalSection
	GlobalSection(ProjectConfigurationPlatforms) = postSolution
		{4D3E9BD5-2ACE-4497-86B2-7854207A4C6E}.Debug|Any CPU.ActiveCfg = Debug|Any CPU
		{4D3E9BD5-2ACE-4497-86B2-7854207A4C6E}.Debug|Any CPU.Build.0 = Debug|Any CPU
		{4D3E9BD5-2ACE-4497-86B2-7854207A4C6E}.Release|Any CPU.ActiveCfg = Release|Any CPU
		{4D3E9BD5-2ACE-4497-86B2-7854207A4C6E}.Release|Any CPU.Build.0 = Release|Any CPU
		{DEDA97B7-8446-46F4-B30C-71ED5C25BC63}.Debug|Any CPU.ActiveCfg = Debug|Any CPU
		{DEDA97B7-8446-46F4-B30C-71ED5C25BC63}.Debug|Any CPU.Build.0 = Debug|Any CPU
		{DEDA97B7-8446-46F4-B30C-71ED5C25BC63}.Release|Any CPU.ActiveCfg = Release|Any CPU
		{DEDA97B7-8446-46F4-B30C-71ED5C25BC63}.Release|Any CPU.Build.0 = Release|Any CPU
		{C68FD611-FE83-44FB-9197-F0B34E48F18D}.Debug|Any CPU.ActiveCfg = Debug|Any CPU
		{C68FD611-FE83-44FB-9197-F0B34E48F18D}.Debug|Any CPU.Build.0 = Debug|Any CPU
		{C68FD611-FE83-44FB-9197-F0B34E48F18D}.Release|Any CPU.ActiveCfg = Release|Any CPU
		{C68FD611-FE83-44FB-9197-F0B34E48F18D}.Release|Any CPU.Build.0 = Release|Any CPU
		{BF30BF73-C18F-4638-98C6-A0829C9A268A}.Debug|Any CPU.ActiveCfg = Debug|Any CPU
		{BF30BF73-C18F-4638-98C6-A0829C9A268A}.Debug|Any CPU.Build.0 = Debug|Any CPU
		{BF30BF73-C18F-4638-98C6-A0829C9A268A}.Release|Any CPU.ActiveCfg = Release|Any CPU
		{BF30BF73-C18F-4638-98C6-A0829C9A268A}.Release|Any CPU.Build.0 = Release|Any CPU
	EndGlobalSection
EndGlobal
